
Microsoft Visual Studio Solution File, Format Version 12.00
# Visual Studio Version 17
VisualStudioVersion = 17.14.37216.2 d17.14
MinimumVisualStudioVersion = 10.0.40219.1
Project("{FAE04EC0-301F-11D3-BF4B-00C04F79EFBC}") = "Composite", "Composite.csproj", "{C6D622A1-FC9C-4739-8ABA-D4FA596ABB11}"
EndProject
Global
	GlobalSection(SolutionConfigurationPlatforms) = preSolution
		Debug|Any CPU = Debug|Any CPU
		Release|Any CPU = Release|Any CPU
	EndGlobalSection
	GlobalSection(ProjectConfigurationPlatforms) = postSolution
		{C6D622A1-FC9C-4739-8ABA-D4FA596ABB11}.Debug|Any CPU.ActiveCfg = Debug|Any CPU
		{C6D622A1-FC9C-4739-8ABA-D4FA596ABB11}.Debug|Any CPU.Build.0 = Debug|Any CPU
		{C6D622A1-FC9C-4739-8ABA-D4FA596ABB11}.Release|Any CPU.ActiveCfg = Release|Any CPU
		{C6D622A1-FC9C-4739-8ABA-D4FA596ABB11}.Release|Any CPU.Build.0 = Release|Any CPU
	EndGlobalSection
	GlobalSection(SolutionProperties) = preSolution
		HideSolutionNode = FALSE
	EndGlobalSection
	GlobalSection(ExtensibilityGlobals) = postSolution
		SolutionGuid = {D20604CD-8D29-428F-A7CE-A8DD63E75023}
	EndGlobalSection
EndGlobal
